
Microsoft Visual Studio Solution File, Format Version 12.00
# Visual Studio 15
VisualStudioVersion = 15.0.33403.129
MinimumVisualStudioVersion = 10.0.40219.1
Project("{FAE04EC0-301F-11D3-BF4B-00C04F79EFBC}") = "Presentacion", "Presentacion\Presentacion.csproj", "{5342E395-6063-405E-8870-B2C78F97ECC7}"
EndProject
Project("{FAE04EC0-301F-11D3-BF4B-00C04F79EFBC}") = "Logica", "Logica\Logica.csproj", "{108D423B-660A-46B4-8F31-10B8A4405802}"
EndProject
Project("{FAE04EC0-301F-11D3-BF4B-00C04F79EFBC}") = "PresentacionWpf", "PresentacionWpf\PresentacionWpf.csproj", "{577B6953-D008-492D-854A-F612897E4342}"
EndProject
Global
	GlobalSection(SolutionConfigurationPlatforms) = preSolution
		Debug|Any CPU = Debug|Any CPU
		Release|Any CPU = Release|Any CPU
	EndGlobalSection
	GlobalSection(ProjectConfigurationPlatforms) = postSolution
		{5342E395-6063-405E-8870-B2C78F97ECC7}.Debug|Any CPU.ActiveCfg = Debug|Any CPU
		{5342E395-6063-405E-8870-B2C78F97ECC7}.Debug|Any CPU.Build.0 = Debug|Any CPU
		{5342E395-6063-405E-8870-B2C78F97ECC7}.Release|Any CPU.ActiveCfg = Release|Any CPU
		{5342E395-6063-405E-8870-B2C78F97ECC7}.Release|Any CPU.Build.0 = Release|Any CPU
		{108D423B-660A-46B4-8F31-10B8A4405802}.Debug|Any CPU.ActiveCfg = Debug|Any CPU
		{108D423B-660A-46B4-8F31-10B8A4405802}.Debug|Any CPU.Build.0 = Debug|Any CPU
		{108D423B-660A-46B4-8F31-10B8A4405802}.Release|Any CPU.ActiveCfg = Release|Any CPU
		{108D423B-660A-46B4-8F31-10B8A4405802}.Release|Any CPU.Build.0 = Release|Any CPU
		{577B6953-D008-492D-854A-F612897E4342}.Debug|Any CPU.ActiveCfg = Debug|Any CPU
		{577B6953-D008-492D-854A-F612897E4342}.Debug|Any CPU.Build.0 = Debug|Any CPU
		{577B6953-D008-492D-854A-F612897E4342}.Release|Any CPU.ActiveCfg = Release|Any CPU
		{577B6953-D008-492D-854A-F612897E4342}.Release|Any CPU.Build.0 = Release|Any CPU
	EndGlobalSection
	GlobalSection(SolutionProperties) = preSolution
		HideSolutionNode = FALSE
	EndGlobalSection
	GlobalSection(ExtensibilityGlobals) = postSolution
		SolutionGuid = {96E62AA4-30F9-4F32-A88C-28589245F9BD}
	EndGlobalSection
EndGlobal
