
Microsoft Visual Studio Solution File, Format Version 12.00
# Visual Studio 15
VisualStudioVersion = 15.0.33403.129
MinimumVisualStudioVersion = 10.0.40219.1
Project("{FAE04EC0-301F-11D3-BF4B-00C04F79EFBC}") = "EstructuraDatos", "EstructuraDatos\EstructuraDatos.csproj", "{73C166BC-19CC-4B1C-9EC6-F7E693E74FBF}"
EndProject
Global
	GlobalSection(SolutionConfigurationPlatforms) = preSolution
		Debug|Any CPU = Debug|Any CPU
		Release|Any CPU = Release|Any CPU
	EndGlobalSection
	GlobalSection(ProjectConfigurationPlatforms) = postSolution
		{73C166BC-19CC-4B1C-9EC6-F7E693E74FBF}.Debug|Any CPU.ActiveCfg = Debug|Any CPU
		{73C166BC-19CC-4B1C-9EC6-F7E693E74FBF}.Debug|Any CPU.Build.0 = Debug|Any CPU
		{73C166BC-19CC-4B1C-9EC6-F7E693E74FBF}.Release|Any CPU.ActiveCfg = Release|Any CPU
		{73C166BC-19CC-4B1C-9EC6-F7E693E74FBF}.Release|Any CPU.Build.0 = Release|Any CPU
	EndGlobalSection
	GlobalSection(SolutionProperties) = preSolution
		HideSolutionNode = FALSE
	EndGlobalSection
	GlobalSection(ExtensibilityGlobals) = postSolution
		SolutionGuid = {20F02C48-2E26-47DB-BD21-66E5549A9040}
	EndGlobalSection
EndGlobal
